
Microsoft Visual Studio Solution File, Format Version 12.00
# Visual Studio Version 17
VisualStudioVersion = 17.2.32630.192
MinimumVisualStudioVersion = 10.0.40219.1
Project("{9A19103F-16F7-4668-BE54-9A1E7A4F7556}") = "D8S.Z0008", "D8S.Z0008\D8S.Z0008.csproj", "{F7E94715-9084-4896-8B3E-3F9F88039BC3}"
EndProject
Project("{2150E333-8FDC-42A3-9474-1A3956D46DE8}") = "_Dependencies", "_Dependencies", "{998EA350-12F2-4806-8406-77CF2ACB2945}"
EndProject
Project("{9A19103F-16F7-4668-BE54-9A1E7A4F7556}") = "R5T.T0132", "..\..\..\SafetyCone\R5T.T0132\source\R5T.T0132\R5T.T0132.csproj", "{63461304-D9E2-46DF-9FA0-A5EAA2DF16EB}"
EndProject
Project("{9A19103F-16F7-4668-BE54-9A1E7A4F7556}") = "R5T.T0143", "..\..\..\SafetyCone\R5T.T0143\source\R5T.T0143\R5T.T0143.csproj", "{8923A4A3-6F3E-40DF-8B09-CDD1005F40AE}"
EndProject
Project("{9A19103F-16F7-4668-BE54-9A1E7A4F7556}") = "R5T.T0178", "..\..\..\SafetyCone\R5T.T0178\source\R5T.T0178\R5T.T0178.csproj", "{35DEBBDE-AE41-4275-8FE4-12E0A32D2344}"
EndProject
Project("{9A19103F-16F7-4668-BE54-9A1E7A4F7556}") = "R5T.T0179", "..\..\..\SafetyCone\R5T.T0179\source\R5T.T0179\R5T.T0179.csproj", "{FEADBA3C-4A71-48EC-99F4-6DE5EBC73647}"
EndProject
Project("{9A19103F-16F7-4668-BE54-9A1E7A4F7556}") = "R5T.T0224", "..\..\..\SafetyCone\R5T.T0224\source\R5T.T0224\R5T.T0224.csproj", "{971E2CEE-7EE1-4506-9D0D-F341453F44C0}"
EndProject
Project("{9A19103F-16F7-4668-BE54-9A1E7A4F7556}") = "R5T.T0131", "..\..\..\SafetyCone\R5T.T0131\source\R5T.T0131\R5T.T0131.csproj", "{F3F9FA53-55AF-4A5C-9AA6-FD935380B62E}"
EndProject
Global
	GlobalSection(NestedProjects) = preSolution
		{63461304-D9E2-46DF-9FA0-A5EAA2DF16EB} = {998EA350-12F2-4806-8406-77CF2ACB2945}
		{8923A4A3-6F3E-40DF-8B09-CDD1005F40AE} = {998EA350-12F2-4806-8406-77CF2ACB2945}
		{35DEBBDE-AE41-4275-8FE4-12E0A32D2344} = {998EA350-12F2-4806-8406-77CF2ACB2945}
		{FEADBA3C-4A71-48EC-99F4-6DE5EBC73647} = {998EA350-12F2-4806-8406-77CF2ACB2945}
		{971E2CEE-7EE1-4506-9D0D-F341453F44C0} = {998EA350-12F2-4806-8406-77CF2ACB2945}
		{F3F9FA53-55AF-4A5C-9AA6-FD935380B62E} = {998EA350-12F2-4806-8406-77CF2ACB2945}
	EndGlobalSection
	GlobalSection(SolutionConfigurationPlatforms) = preSolution
		Debug|Any CPU = Debug|Any CPU
		Release|Any CPU = Release|Any CPU
	EndGlobalSection
	GlobalSection(ProjectConfigurationPlatforms) = postSolution
		{F7E94715-9084-4896-8B3E-3F9F88039BC3}.Debug|Any CPU.ActiveCfg = Debug|Any CPU
		{F7E94715-9084-4896-8B3E-3F9F88039BC3}.Debug|Any CPU.Build.0 = Debug|Any CPU
		{F7E94715-9084-4896-8B3E-3F9F88039BC3}.Release|Any CPU.ActiveCfg = Release|Any CPU
		{F7E94715-9084-4896-8B3E-3F9F88039BC3}.Release|Any CPU.Build.0 = Release|Any CPU
		{63461304-D9E2-46DF-9FA0-A5EAA2DF16EB}.Debug|Any CPU.ActiveCfg = Debug|Any CPU
		{63461304-D9E2-46DF-9FA0-A5EAA2DF16EB}.Debug|Any CPU.Build.0 = Debug|Any CPU
		{63461304-D9E2-46DF-9FA0-A5EAA2DF16EB}.Release|Any CPU.ActiveCfg = Release|Any CPU
		{63461304-D9E2-46DF-9FA0-A5EAA2DF16EB}.Release|Any CPU.Build.0 = Release|Any CPU
		{8923A4A3-6F3E-40DF-8B09-CDD1005F40AE}.Debug|Any CPU.ActiveCfg = Debug|Any CPU
		{8923A4A3-6F3E-40DF-8B09-CDD1005F40AE}.Debug|Any CPU.Build.0 = Debug|Any CPU
		{8923A4A3-6F3E-40DF-8B09-CDD1005F40AE}.Release|Any CPU.ActiveCfg = Release|Any CPU
		{8923A4A3-6F3E-40DF-8B09-CDD1005F40AE}.Release|Any CPU.Build.0 = Release|Any CPU
		{35DEBBDE-AE41-4275-8FE4-12E0A32D2344}.Debug|Any CPU.ActiveCfg = Debug|Any CPU
		{35DEBBDE-AE41-4275-8FE4-12E0A32D2344}.Debug|Any CPU.Build.0 = Debug|Any CPU
		{35DEBBDE-AE41-4275-8FE4-12E0A32D2344}.Release|Any CPU.ActiveCfg = Release|Any CPU
		{35DEBBDE-AE41-4275-8FE4-12E0A32D2344}.Release|Any CPU.Build.0 = Release|Any CPU
		{FEADBA3C-4A71-48EC-99F4-6DE5EBC73647}.Debug|Any CPU.ActiveCfg = Debug|Any CPU
		{FEADBA3C-4A71-48EC-99F4-6DE5EBC73647}.Debug|Any CPU.Build.0 = Debug|Any CPU
		{FEADBA3C-4A71-48EC-99F4-6DE5EBC73647}.Release|Any CPU.ActiveCfg = Release|Any CPU
		{FEADBA3C-4A71-48EC-99F4-6DE5EBC73647}.Release|Any CPU.Build.0 = Release|Any CPU
		{971E2CEE-7EE1-4506-9D0D-F341453F44C0}.Debug|Any CPU.ActiveCfg = Debug|Any CPU
		{971E2CEE-7EE1-4506-9D0D-F341453F44C0}.Debug|Any CPU.Build.0 = Debug|Any CPU
		{971E2CEE-7EE1-4506-9D0D-F341453F44C0}.Release|Any CPU.ActiveCfg = Release|Any CPU
		{971E2CEE-7EE1-4506-9D0D-F341453F44C0}.Release|Any CPU.Build.0 = Release|Any CPU
		{F3F9FA53-55AF-4A5C-9AA6-FD935380B62E}.Debug|Any CPU.ActiveCfg = Debug|Any CPU
		{F3F9FA53-55AF-4A5C-9AA6-FD935380B62E}.Debug|Any CPU.Build.0 = Debug|Any CPU
		{F3F9FA53-55AF-4A5C-9AA6-FD935380B62E}.Release|Any CPU.ActiveCfg = Release|Any CPU
		{F3F9FA53-55AF-4A5C-9AA6-FD935380B62E}.Release|Any CPU.Build.0 = Release|Any CPU
	EndGlobalSection
	GlobalSection(SolutionProperties) = preSolution
		HideSolutionNode = FALSE
	EndGlobalSection
	GlobalSection(ExtensibilityGlobals) = postSolution
		SolutionGuid = {3E7A05E8-8343-456B-9A3E-3D10CFC6EED0}
	EndGlobalSection
EndGlobal
