
Microsoft Visual Studio Solution File, Format Version 12.00
# Visual Studio Version 17
VisualStudioVersion = 17.2.32630.192
MinimumVisualStudioVersion = 10.0.40219.1
Project("{9A19103F-16F7-4668-BE54-9A1E7A4F7556}") = "D8S.Z0008.Construction", "D8S.Z0008.Construction\D8S.Z0008.Construction.csproj", "{837B9EA7-5452-4040-BFFD-D6D2A88E8CDC}"
EndProject
Project("{9A19103F-16F7-4668-BE54-9A1E7A4F7556}") = "D8S.Z0008", "D8S.Z0008\D8S.Z0008.csproj", "{B1BA04D4-EF20-4228-A0E4-27FC9926AC7D}"
EndProject
Project("{2150E333-8FDC-42A3-9474-1A3956D46DE8}") = "_Dependencies", "_Dependencies", "{951D59C7-0D4A-4FB7-8CB7-2320E8651AE9}"
EndProject
Project("{9A19103F-16F7-4668-BE54-9A1E7A4F7556}") = "R5T.T0132", "..\..\..\SafetyCone\R5T.T0132\source\R5T.T0132\R5T.T0132.csproj", "{27C8F33D-F2A6-41B2-9043-7BBEE4030147}"
EndProject
Project("{9A19103F-16F7-4668-BE54-9A1E7A4F7556}") = "R5T.T0143", "..\..\..\SafetyCone\R5T.T0143\source\R5T.T0143\R5T.T0143.csproj", "{A5EF3975-7401-4C8A-BC01-C8B027A188CA}"
EndProject
Project("{9A19103F-16F7-4668-BE54-9A1E7A4F7556}") = "R5T.T0178", "..\..\..\SafetyCone\R5T.T0178\source\R5T.T0178\R5T.T0178.csproj", "{390A0C88-A510-4C8C-804C-1A3C718D299C}"
EndProject
Project("{9A19103F-16F7-4668-BE54-9A1E7A4F7556}") = "R5T.T0179", "..\..\..\SafetyCone\R5T.T0179\source\R5T.T0179\R5T.T0179.csproj", "{CA21F3E4-9DE1-42C6-82F1-A9D0DA966290}"
EndProject
Project("{9A19103F-16F7-4668-BE54-9A1E7A4F7556}") = "R5T.T0224", "..\..\..\SafetyCone\R5T.T0224\source\R5T.T0224\R5T.T0224.csproj", "{F021F0C4-DE61-4B81-AF15-03B92ECEA304}"
EndProject
Project("{9A19103F-16F7-4668-BE54-9A1E7A4F7556}") = "R5T.T0131", "..\..\..\SafetyCone\R5T.T0131\source\R5T.T0131\R5T.T0131.csproj", "{28DF2039-34A4-4B93-901D-006BC05E8EA7}"
EndProject
Global
	GlobalSection(NestedProjects) = preSolution
		{27C8F33D-F2A6-41B2-9043-7BBEE4030147} = {951D59C7-0D4A-4FB7-8CB7-2320E8651AE9}
		{A5EF3975-7401-4C8A-BC01-C8B027A188CA} = {951D59C7-0D4A-4FB7-8CB7-2320E8651AE9}
		{390A0C88-A510-4C8C-804C-1A3C718D299C} = {951D59C7-0D4A-4FB7-8CB7-2320E8651AE9}
		{CA21F3E4-9DE1-42C6-82F1-A9D0DA966290} = {951D59C7-0D4A-4FB7-8CB7-2320E8651AE9}
		{F021F0C4-DE61-4B81-AF15-03B92ECEA304} = {951D59C7-0D4A-4FB7-8CB7-2320E8651AE9}
		{28DF2039-34A4-4B93-901D-006BC05E8EA7} = {951D59C7-0D4A-4FB7-8CB7-2320E8651AE9}
	EndGlobalSection
	GlobalSection(SolutionConfigurationPlatforms) = preSolution
		Debug|Any CPU = Debug|Any CPU
		Release|Any CPU = Release|Any CPU
	EndGlobalSection
	GlobalSection(ProjectConfigurationPlatforms) = postSolution
		{837B9EA7-5452-4040-BFFD-D6D2A88E8CDC}.Debug|Any CPU.ActiveCfg = Debug|Any CPU
		{837B9EA7-5452-4040-BFFD-D6D2A88E8CDC}.Debug|Any CPU.Build.0 = Debug|Any CPU
		{837B9EA7-5452-4040-BFFD-D6D2A88E8CDC}.Release|Any CPU.ActiveCfg = Release|Any CPU
		{837B9EA7-5452-4040-BFFD-D6D2A88E8CDC}.Release|Any CPU.Build.0 = Release|Any CPU
		{B1BA04D4-EF20-4228-A0E4-27FC9926AC7D}.Debug|Any CPU.ActiveCfg = Debug|Any CPU
		{B1BA04D4-EF20-4228-A0E4-27FC9926AC7D}.Debug|Any CPU.Build.0 = Debug|Any CPU
		{B1BA04D4-EF20-4228-A0E4-27FC9926AC7D}.Release|Any CPU.ActiveCfg = Release|Any CPU
		{B1BA04D4-EF20-4228-A0E4-27FC9926AC7D}.Release|Any CPU.Build.0 = Release|Any CPU
		{27C8F33D-F2A6-41B2-9043-7BBEE4030147}.Debug|Any CPU.ActiveCfg = Debug|Any CPU
		{27C8F33D-F2A6-41B2-9043-7BBEE4030147}.Debug|Any CPU.Build.0 = Debug|Any CPU
		{27C8F33D-F2A6-41B2-9043-7BBEE4030147}.Release|Any CPU.ActiveCfg = Release|Any CPU
		{27C8F33D-F2A6-41B2-9043-7BBEE4030147}.Release|Any CPU.Build.0 = Release|Any CPU
		{A5EF3975-7401-4C8A-BC01-C8B027A188CA}.Debug|Any CPU.ActiveCfg = Debug|Any CPU
		{A5EF3975-7401-4C8A-BC01-C8B027A188CA}.Debug|Any CPU.Build.0 = Debug|Any CPU
		{A5EF3975-7401-4C8A-BC01-C8B027A188CA}.Release|Any CPU.ActiveCfg = Release|Any CPU
		{A5EF3975-7401-4C8A-BC01-C8B027A188CA}.Release|Any CPU.Build.0 = Release|Any CPU
		{390A0C88-A510-4C8C-804C-1A3C718D299C}.Debug|Any CPU.ActiveCfg = Debug|Any CPU
		{390A0C88-A510-4C8C-804C-1A3C718D299C}.Debug|Any CPU.Build.0 = Debug|Any CPU
		{390A0C88-A510-4C8C-804C-1A3C718D299C}.Release|Any CPU.ActiveCfg = Release|Any CPU
		{390A0C88-A510-4C8C-804C-1A3C718D299C}.Release|Any CPU.Build.0 = Release|Any CPU
		{CA21F3E4-9DE1-42C6-82F1-A9D0DA966290}.Debug|Any CPU.ActiveCfg = Debug|Any CPU
		{CA21F3E4-9DE1-42C6-82F1-A9D0DA966290}.Debug|Any CPU.Build.0 = Debug|Any CPU
		{CA21F3E4-9DE1-42C6-82F1-A9D0DA966290}.Release|Any CPU.ActiveCfg = Release|Any CPU
		{CA21F3E4-9DE1-42C6-82F1-A9D0DA966290}.Release|Any CPU.Build.0 = Release|Any CPU
		{F021F0C4-DE61-4B81-AF15-03B92ECEA304}.Debug|Any CPU.ActiveCfg = Debug|Any CPU
		{F021F0C4-DE61-4B81-AF15-03B92ECEA304}.Debug|Any CPU.Build.0 = Debug|Any CPU
		{F021F0C4-DE61-4B81-AF15-03B92ECEA304}.Release|Any CPU.ActiveCfg = Release|Any CPU
		{F021F0C4-DE61-4B81-AF15-03B92ECEA304}.Release|Any CPU.Build.0 = Release|Any CPU
		{28DF2039-34A4-4B93-901D-006BC05E8EA7}.Debug|Any CPU.ActiveCfg = Debug|Any CPU
		{28DF2039-34A4-4B93-901D-006BC05E8EA7}.Debug|Any CPU.Build.0 = Debug|Any CPU
		{28DF2039-34A4-4B93-901D-006BC05E8EA7}.Release|Any CPU.ActiveCfg = Release|Any CPU
		{28DF2039-34A4-4B93-901D-006BC05E8EA7}.Release|Any CPU.Build.0 = Release|Any CPU
	EndGlobalSection
	GlobalSection(SolutionProperties) = preSolution
		HideSolutionNode = FALSE
	EndGlobalSection
	GlobalSection(ExtensibilityGlobals) = postSolution
		SolutionGuid = {D28218B6-A2DA-4940-B2B4-3BE6AAE6DD77}
	EndGlobalSection
EndGlobal
