
Microsoft Visual Studio Solution File, Format Version 12.00
# Visual Studio Version 17
VisualStudioVersion = 17.2.32630.192
MinimumVisualStudioVersion = 10.0.40219.1
Project("{9A19103F-16F7-4668-BE54-9A1E7A4F7556}") = "D8S.Z0008.Construction", "D8S.Z0008.Construction\D8S.Z0008.Construction.csproj", "{837B9EA7-5452-4040-BFFD-D6D2A88E8CDC}"
EndProject
Project("{9A19103F-16F7-4668-BE54-9A1E7A4F7556}") = "D8S.Z0008", "D8S.Z0008\D8S.Z0008.csproj", "{B1BA04D4-EF20-4228-A0E4-27FC9926AC7D}"
EndProject
Global
	GlobalSection(SolutionConfigurationPlatforms) = preSolution
		Debug|Any CPU = Debug|Any CPU
		Release|Any CPU = Release|Any CPU
	EndGlobalSection
	GlobalSection(ProjectConfigurationPlatforms) = postSolution
		{837B9EA7-5452-4040-BFFD-D6D2A88E8CDC}.Debug|Any CPU.ActiveCfg = Debug|Any CPU
		{837B9EA7-5452-4040-BFFD-D6D2A88E8CDC}.Debug|Any CPU.Build.0 = Debug|Any CPU
		{837B9EA7-5452-4040-BFFD-D6D2A88E8CDC}.Release|Any CPU.ActiveCfg = Release|Any CPU
		{837B9EA7-5452-4040-BFFD-D6D2A88E8CDC}.Release|Any CPU.Build.0 = Release|Any CPU
		{B1BA04D4-EF20-4228-A0E4-27FC9926AC7D}.Debug|Any CPU.ActiveCfg = Debug|Any CPU
		{B1BA04D4-EF20-4228-A0E4-27FC9926AC7D}.Debug|Any CPU.Build.0 = Debug|Any CPU
		{B1BA04D4-EF20-4228-A0E4-27FC9926AC7D}.Release|Any CPU.ActiveCfg = Release|Any CPU
		{B1BA04D4-EF20-4228-A0E4-27FC9926AC7D}.Release|Any CPU.Build.0 = Release|Any CPU
	EndGlobalSection
	GlobalSection(SolutionProperties) = preSolution
		HideSolutionNode = FALSE
	EndGlobalSection
	GlobalSection(ExtensibilityGlobals) = postSolution
		SolutionGuid = {D28218B6-A2DA-4940-B2B4-3BE6AAE6DD77}
	EndGlobalSection
EndGlobal
